
Microsoft Visual Studio Solution File, Format Version 12.00
# Visual Studio 15
VisualStudioVersion = 15.0.28307.168
MinimumVisualStudioVersion = 10.0.40219.1
Project("{FAE04EC0-301F-11D3-BF4B-00C04F79EFBC}") = "TestingSample", "TestingSample\TestingSample.csproj", "{BA7E0C48-532B-4A09-911F-11E91E3A94F0}"
EndProject
Project("{FAE04EC0-301F-11D3-BF4B-00C04F79EFBC}") = "TestingSample.Tests", "TestingSample.Tests\TestingSample.Tests.csproj", "{6F3E2B16-EE3E-49B1-A134-78B7B7704EA1}"
EndProject
Global
	GlobalSection(SolutionConfigurationPlatforms) = preSolution
		Debug|Any CPU = Debug|Any CPU
		Release|Any CPU = Release|Any CPU
	EndGlobalSection
	GlobalSection(ProjectConfigurationPlatforms) = postSolution
		{BA7E0C48-532B-4A09-911F-11E91E3A94F0}.Debug|Any CPU.ActiveCfg = Debug|Any CPU
		{BA7E0C48-532B-4A09-911F-11E91E3A94F0}.Debug|Any CPU.Build.0 = Debug|Any CPU
		{BA7E0C48-532B-4A09-911F-11E91E3A94F0}.Release|Any CPU.ActiveCfg = Release|Any CPU
		{BA7E0C48-532B-4A09-911F-11E91E3A94F0}.Release|Any CPU.Build.0 = Release|Any CPU
		{6F3E2B16-EE3E-49B1-A134-78B7B7704EA1}.Debug|Any CPU.ActiveCfg = Debug|Any CPU
		{6F3E2B16-EE3E-49B1-A134-78B7B7704EA1}.Debug|Any CPU.Build.0 = Debug|Any CPU
		{6F3E2B16-EE3E-49B1-A134-78B7B7704EA1}.Release|Any CPU.ActiveCfg = Release|Any CPU
		{6F3E2B16-EE3E-49B1-A134-78B7B7704EA1}.Release|Any CPU.Build.0 = Release|Any CPU
	EndGlobalSection
	GlobalSection(SolutionProperties) = preSolution
		HideSolutionNode = FALSE
	EndGlobalSection
	GlobalSection(ExtensibilityGlobals) = postSolution
		SolutionGuid = {929FEF55-13F9-46C4-BBF8-1C422442D08A}
	EndGlobalSection
EndGlobal
